
Microsoft Visual Studio Solution File, Format Version 12.00
# Visual Studio 15
VisualStudioVersion = 15.0.26124.0
MinimumVisualStudioVersion = 15.0.26124.0
Project("{2150E333-8FDC-42A3-9474-1A3956D46DE8}") = "src", "src", "{A461AEAB-2B0A-4DD8-94FC-979E9A493A3A}"
EndProject
Project("{FAE04EC0-301F-11D3-BF4B-00C04F79EFBC}") = "GradeBook", "src\GradeBook\GradeBook.csproj", "{792DC6EC-0F31-49CB-8A29-3DBEB72B58E6}"
EndProject
Project("{2150E333-8FDC-42A3-9474-1A3956D46DE8}") = "test", "test", "{EE783498-02D3-4A01-899D-E460B61D5676}"
EndProject
Project("{FAE04EC0-301F-11D3-BF4B-00C04F79EFBC}") = "GradeBook.Tests", "test\GradeBook.Tests\GradeBook.Tests.csproj", "{832E5051-2751-4246-8AC3-A030A309426A}"
EndProject
Global
	GlobalSection(SolutionConfigurationPlatforms) = preSolution
		Debug|Any CPU = Debug|Any CPU
		Debug|x64 = Debug|x64
		Debug|x86 = Debug|x86
		Release|Any CPU = Release|Any CPU
		Release|x64 = Release|x64
		Release|x86 = Release|x86
	EndGlobalSection
	GlobalSection(SolutionProperties) = preSolution
		HideSolutionNode = FALSE
	EndGlobalSection
	GlobalSection(ProjectConfigurationPlatforms) = postSolution
		{792DC6EC-0F31-49CB-8A29-3DBEB72B58E6}.Debug|Any CPU.ActiveCfg = Debug|Any CPU
		{792DC6EC-0F31-49CB-8A29-3DBEB72B58E6}.Debug|Any CPU.Build.0 = Debug|Any CPU
		{792DC6EC-0F31-49CB-8A29-3DBEB72B58E6}.Debug|x64.ActiveCfg = Debug|Any CPU
		{792DC6EC-0F31-49CB-8A29-3DBEB72B58E6}.Debug|x64.Build.0 = Debug|Any CPU
		{792DC6EC-0F31-49CB-8A29-3DBEB72B58E6}.Debug|x86.ActiveCfg = Debug|Any CPU
		{792DC6EC-0F31-49CB-8A29-3DBEB72B58E6}.Debug|x86.Build.0 = Debug|Any CPU
		{792DC6EC-0F31-49CB-8A29-3DBEB72B58E6}.Release|Any CPU.ActiveCfg = Release|Any CPU
		{792DC6EC-0F31-49CB-8A29-3DBEB72B58E6}.Release|Any CPU.Build.0 = Release|Any CPU
		{792DC6EC-0F31-49CB-8A29-3DBEB72B58E6}.Release|x64.ActiveCfg = Release|Any CPU
		{792DC6EC-0F31-49CB-8A29-3DBEB72B58E6}.Release|x64.Build.0 = Release|Any CPU
		{792DC6EC-0F31-49CB-8A29-3DBEB72B58E6}.Release|x86.ActiveCfg = Release|Any CPU
		{792DC6EC-0F31-49CB-8A29-3DBEB72B58E6}.Release|x86.Build.0 = Release|Any CPU
		{832E5051-2751-4246-8AC3-A030A309426A}.Debug|Any CPU.ActiveCfg = Debug|Any CPU
		{832E5051-2751-4246-8AC3-A030A309426A}.Debug|Any CPU.Build.0 = Debug|Any CPU
		{832E5051-2751-4246-8AC3-A030A309426A}.Debug|x64.ActiveCfg = Debug|Any CPU
		{832E5051-2751-4246-8AC3-A030A309426A}.Debug|x64.Build.0 = Debug|Any CPU
		{832E5051-2751-4246-8AC3-A030A309426A}.Debug|x86.ActiveCfg = Debug|Any CPU
		{832E5051-2751-4246-8AC3-A030A309426A}.Debug|x86.Build.0 = Debug|Any CPU
		{832E5051-2751-4246-8AC3-A030A309426A}.Release|Any CPU.ActiveCfg = Release|Any CPU
		{832E5051-2751-4246-8AC3-A030A309426A}.Release|Any CPU.Build.0 = Release|Any CPU
		{832E5051-2751-4246-8AC3-A030A309426A}.Release|x64.ActiveCfg = Release|Any CPU
		{832E5051-2751-4246-8AC3-A030A309426A}.Release|x64.Build.0 = Release|Any CPU
		{832E5051-2751-4246-8AC3-A030A309426A}.Release|x86.ActiveCfg = Release|Any CPU
		{832E5051-2751-4246-8AC3-A030A309426A}.Release|x86.Build.0 = Release|Any CPU
	EndGlobalSection
	GlobalSection(NestedProjects) = preSolution
		{792DC6EC-0F31-49CB-8A29-3DBEB72B58E6} = {A461AEAB-2B0A-4DD8-94FC-979E9A493A3A}
		{832E5051-2751-4246-8AC3-A030A309426A} = {EE783498-02D3-4A01-899D-E460B61D5676}
	EndGlobalSection
EndGlobal
